
Microsoft Visual Studio Solution File, Format Version 12.00
# Visual Studio Version 17
VisualStudioVersion = 17.10.35013.160
MinimumVisualStudioVersion = 10.0.40219.1
Project("{FAE04EC0-301F-11D3-BF4B-00C04F79EFBC}") = "M1-PARTIAL", "M1-PARTIAL\M1-PARTIAL.csproj", "{AC0D21EB-B3D7-44E4-B769-CC0A7C25BE2F}"
EndProject
Global
	GlobalSection(SolutionConfigurationPlatforms) = preSolution
		Debug|Any CPU = Debug|Any CPU
		Release|Any CPU = Release|Any CPU
	EndGlobalSection
	GlobalSection(ProjectConfigurationPlatforms) = postSolution
		{AC0D21EB-B3D7-44E4-B769-CC0A7C25BE2F}.Debug|Any CPU.ActiveCfg = Debug|Any CPU
		{AC0D21EB-B3D7-44E4-B769-CC0A7C25BE2F}.Debug|Any CPU.Build.0 = Debug|Any CPU
		{AC0D21EB-B3D7-44E4-B769-CC0A7C25BE2F}.Release|Any CPU.ActiveCfg = Release|Any CPU
		{AC0D21EB-B3D7-44E4-B769-CC0A7C25BE2F}.Release|Any CPU.Build.0 = Release|Any CPU
	EndGlobalSection
	GlobalSection(SolutionProperties) = preSolution
		HideSolutionNode = FALSE
	EndGlobalSection
	GlobalSection(ExtensibilityGlobals) = postSolution
		SolutionGuid = {B9FC1D10-8BD9-462A-B2AA-C9314EA9B26F}
	EndGlobalSection
EndGlobal
